
Microsoft Visual Studio Solution File, Format Version 12.00
# Visual Studio 15
VisualStudioVersion = 15.0.28307.852
MinimumVisualStudioVersion = 10.0.40219.1
Project("{F184B08F-C81C-45F6-A57F-5ABD9991F28F}") = "aoNewsletter2", "aoNewsletter2\aoNewsletter2.vbproj", "{581CEF2C-3905-47C4-AA0A-1522CC6CE24D}"
EndProject
Global
	GlobalSection(SolutionConfigurationPlatforms) = preSolution
		Debug|Any CPU = Debug|Any CPU
		Release|Any CPU = Release|Any CPU
	EndGlobalSection
	GlobalSection(ProjectConfigurationPlatforms) = postSolution
		{581CEF2C-3905-47C4-AA0A-1522CC6CE24D}.Debug|Any CPU.ActiveCfg = Debug|Any CPU
		{581CEF2C-3905-47C4-AA0A-1522CC6CE24D}.Debug|Any CPU.Build.0 = Debug|Any CPU
		{581CEF2C-3905-47C4-AA0A-1522CC6CE24D}.Release|Any CPU.ActiveCfg = Release|Any CPU
		{581CEF2C-3905-47C4-AA0A-1522CC6CE24D}.Release|Any CPU.Build.0 = Release|Any CPU
	EndGlobalSection
	GlobalSection(SolutionProperties) = preSolution
		HideSolutionNode = FALSE
	EndGlobalSection
	GlobalSection(ExtensibilityGlobals) = postSolution
		SolutionGuid = {F06B8DEA-C937-4AA1-BFED-377F099EE6E8}
	EndGlobalSection
EndGlobal
